{
  "requires": true,
  "lockfileVersion": 1,
  "dependencies": {
    "@types/text-encoding": {
      "version": "0.0.34",
      "resolved": "http://npm-mirror.cat.digitalpfizer.com/@types%2ftext-encoding/-/text-encoding-0.0.34.tgz",
      "integrity": "sha512-7LLzNINHFh+AH83ABaocBI25F1jI1Xku1RMiNj3hxmZdA+BeXIlM3LagIxd9YPeQlAX1xWys/+UJ8y6KBwtGtw==",
      "dev": true
    }
  }
}
